// !$*UTF8*$!
{
	archiveVersion = 1;
	classes = {
	};
	objectVersion = 55;
	objects = {

/* Begin PBXBuildFile section */
		8C8D0C8128915D3B00A315DC /* Storyboard.storyboard in Resources */ = {isa = PBXBuildFile; fileRef = 8C8D0C8028915D3B00A315DC /* Storyboard.storyboard */; };
		8C8D0C8328915D5D00A315DC /* PracticeViewController.swift in Sources */ = {isa = PBXBuildFile; fileRef = 8C8D0C8228915D5D00A315DC /* PracticeViewController.swift */; };
		8C8D0C8628915D8100A315DC /* PracticeTableViewCell.swift in Sources */ = {isa = PBXBuildFile; fileRef = 8C8D0C8428915D8100A315DC /* PracticeTableViewCell.swift */; };
		8C8D0C8728915D8100A315DC /* PracticeTableViewCell.xib in Resources */ = {isa = PBXBuildFile; fileRef = 8C8D0C8528915D8100A315DC /* PracticeTableViewCell.xib */; };
		8C8D0C8A28920CCD00A315DC /* ViewPresentableProtocol.swift in Sources */ = {isa = PBXBuildFile; fileRef = 8C8D0C8928920CCD00A315DC /* ViewPresentableProtocol.swift */; };
		8C8D0C8C2892236C00A315DC /* LottoViewController.swift in Sources */ = {isa = PBXBuildFile; fileRef = 8C8D0C8B2892236C00A315DC /* LottoViewController.swift */; };
		8C8D0C8F2892305300A315DC /* TranslateViewController.swift in Sources */ = {isa = PBXBuildFile; fileRef = 8C8D0C8E2892305200A315DC /* TranslateViewController.swift */; };
		8C8D0C9128923ACB00A315DC /* WebViewController.swift in Sources */ = {isa = PBXBuildFile; fileRef = 8C8D0C9028923ACB00A315DC /* WebViewController.swift */; };
		8CC7F6732890DD72008047A6 /* AppDelegate.swift in Sources */ = {isa = PBXBuildFile; fileRef = 8CC7F6722890DD72008047A6 /* AppDelegate.swift */; };
		8CC7F6752890DD72008047A6 /* SceneDelegate.swift in Sources */ = {isa = PBXBuildFile; fileRef = 8CC7F6742890DD72008047A6 /* SceneDelegate.swift */; };
		8CC7F6772890DD72008047A6 /* ViewController.swift in Sources */ = {isa = PBXBuildFile; fileRef = 8CC7F6762890DD72008047A6 /* ViewController.swift */; };
		8CC7F67A2890DD72008047A6 /* Main.storyboard in Resources */ = {isa = PBXBuildFile; fileRef = 8CC7F6782890DD72008047A6 /* Main.storyboard */; };
		8CC7F67C2890DD74008047A6 /* Assets.xcassets in Resources */ = {isa = PBXBuildFile; fileRef = 8CC7F67B2890DD74008047A6 /* Assets.xcassets */; };
		8CC7F67F2890DD74008047A6 /* LaunchScreen.storyboard in Resources */ = {isa = PBXBuildFile; fileRef = 8CC7F67D2890DD74008047A6 /* LaunchScreen.storyboard */; };
		8CC7F6872890E1F7008047A6 /* SearchViewController.swift in Sources */ = {isa = PBXBuildFile; fileRef = 8CC7F6862890E1F7008047A6 /* SearchViewController.swift */; };
		8CC7F68C2890E4CE008047A6 /* ListTableViewCell.swift in Sources */ = {isa = PBXBuildFile; fileRef = 8CC7F68A2890E4CE008047A6 /* ListTableViewCell.swift */; };
		8CC7F68D2890E4CE008047A6 /* ListTableViewCell.xib in Resources */ = {isa = PBXBuildFile; fileRef = 8CC7F68B2890E4CE008047A6 /* ListTableViewCell.xib */; };
/* End PBXBuildFile section */

/* Begin PBXFileReference section */
		8C8D0C8028915D3B00A315DC /* Storyboard.storyboard */ = {isa = PBXFileReference; lastKnownFileType = file.storyboard; path = Storyboard.storyboard; sourceTree = "<group>"; };
		8C8D0C8228915D5D00A315DC /* PracticeViewController.swift */ = {isa = PBXFileReference; lastKnownFileType = sourcecode.swift; path = PracticeViewController.swift; sourceTree = "<group>"; };
		8C8D0C8428915D8100A315DC /* PracticeTableViewCell.swift */ = {isa = PBXFileReference; lastKnownFileType = sourcecode.swift; path = PracticeTableViewCell.swift; sourceTree = "<group>"; };
		8C8D0C8528915D8100A315DC /* PracticeTableViewCell.xib */ = {isa = PBXFileReference; lastKnownFileType = file.xib; path = PracticeTableViewCell.xib; sourceTree = "<group>"; };
		8C8D0C8928920CCD00A315DC /* ViewPresentableProtocol.swift */ = {isa = PBXFileReference; lastKnownFileType = sourcecode.swift; path = ViewPresentableProtocol.swift; sourceTree = "<group>"; };
		8C8D0C8B2892236C00A315DC /* LottoViewController.swift */ = {isa = PBXFileReference; lastKnownFileType = sourcecode.swift; path = LottoViewController.swift; sourceTree = "<group>"; };
		8C8D0C8E2892305200A315DC /* TranslateViewController.swift */ = {isa = PBXFileReference; lastKnownFileType = sourcecode.swift; path = TranslateViewController.swift; sourceTree = "<group>"; };
		8C8D0C9028923ACB00A315DC /* WebViewController.swift */ = {isa = PBXFileReference; lastKnownFileType = sourcecode.swift; path = WebViewController.swift; sourceTree = "<group>"; };
		8CC7F66F2890DD72008047A6 /* SeSac2LectureNetworkBasic.app */ = {isa = PBXFileReference; explicitFileType = wrapper.application; includeInIndex = 0; path = SeSac2LectureNetworkBasic.app; sourceTree = BUILT_PRODUCTS_DIR; };
		8CC7F6722890DD72008047A6 /* AppDelegate.swift */ = {isa = PBXFileReference; lastKnownFileType = sourcecode.swift; path = AppDelegate.swift; sourceTree = "<group>"; };
		8CC7F6742890DD72008047A6 /* SceneDelegate.swift */ = {isa = PBXFileReference; lastKnownFileType = sourcecode.swift; path = SceneDelegate.swift; sourceTree = "<group>"; };
		8CC7F6762890DD72008047A6 /* ViewController.swift */ = {isa = PBXFileReference; lastKnownFileType = sourcecode.swift; path = ViewController.swift; sourceTree = "<group>"; };
		8CC7F6792890DD72008047A6 /* Base */ = {isa = PBXFileReference; lastKnownFileType = file.storyboard; name = Base; path = Base.lproj/Main.storyboard; sourceTree = "<group>"; };
		8CC7F67B2890DD74008047A6 /* Assets.xcassets */ = {isa = PBXFileReference; lastKnownFileType = folder.assetcatalog; path = Assets.xcassets; sourceTree = "<group>"; };
		8CC7F67E2890DD74008047A6 /* Base */ = {isa = PBXFileReference; lastKnownFileType = file.storyboard; name = Base; path = Base.lproj/LaunchScreen.storyboard; sourceTree = "<group>"; };
		8CC7F6802890DD74008047A6 /* Info.plist */ = {isa = PBXFileReference; lastKnownFileType = text.plist.xml; path = Info.plist; sourceTree = "<group>"; };
		8CC7F6862890E1F7008047A6 /* SearchViewController.swift */ = {isa = PBXFileReference; lastKnownFileType = sourcecode.swift; path = SearchViewController.swift; sourceTree = "<group>"; };
		8CC7F68A2890E4CE008047A6 /* ListTableViewCell.swift */ = {isa = PBXFileReference; lastKnownFileType = sourcecode.swift; path = ListTableViewCell.swift; sourceTree = "<group>"; };
		8CC7F68B2890E4CE008047A6 /* ListTableViewCell.xib */ = {isa = PBXFileReference; lastKnownFileType = file.xib; path = ListTableViewCell.xib; sourceTree = "<group>"; };
/* End PBXFileReference section */

/* Begin PBXFrameworksBuildPhase section */
		8CC7F66C2890DD72008047A6 /* Frameworks */ = {
			isa = PBXFrameworksBuildPhase;
			buildActionMask = 2147483647;
			files = (
			);
			runOnlyForDeploymentPostprocessing = 0;
		};
/* End PBXFrameworksBuildPhase section */

/* Begin PBXGroup section */
		8C8D0C7F28914DDA00A315DC /* practice */ = {
			isa = PBXGroup;
			children = (
				8C8D0C8028915D3B00A315DC /* Storyboard.storyboard */,
				8C8D0C8428915D8100A315DC /* PracticeTableViewCell.swift */,
				8C8D0C8528915D8100A315DC /* PracticeTableViewCell.xib */,
				8C8D0C8228915D5D00A315DC /* PracticeViewController.swift */,
			);
			path = practice;
			sourceTree = "<group>";
		};
		8C8D0C8828920CA400A315DC /* Protocol */ = {
			isa = PBXGroup;
			children = (
				8C8D0C8928920CCD00A315DC /* ViewPresentableProtocol.swift */,
			);
			path = Protocol;
			sourceTree = "<group>";
		};
		8C8D0C8D2892237300A315DC /* Lotto */ = {
			isa = PBXGroup;
			children = (
			);
			path = Lotto;
			sourceTree = "<group>";
		};
		8CC7F6662890DD72008047A6 = {
			isa = PBXGroup;
			children = (
				8C8D0C8D2892237300A315DC /* Lotto */,
				8C8D0C8828920CA400A315DC /* Protocol */,
				8C8D0C7F28914DDA00A315DC /* practice */,
				8CC7F6712890DD72008047A6 /* SeSac2LectureNetworkBasic */,
				8CC7F6702890DD72008047A6 /* Products */,
			);
			sourceTree = "<group>";
		};
		8CC7F6702890DD72008047A6 /* Products */ = {
			isa = PBXGroup;
			children = (
				8CC7F66F2890DD72008047A6 /* SeSac2LectureNetworkBasic.app */,
			);
			name = Products;
			sourceTree = "<group>";
		};
		8CC7F6712890DD72008047A6 /* SeSac2LectureNetworkBasic */ = {
			isa = PBXGroup;
			children = (
				8CC7F6722890DD72008047A6 /* AppDelegate.swift */,
				8CC7F6742890DD72008047A6 /* SceneDelegate.swift */,
				8CC7F6762890DD72008047A6 /* ViewController.swift */,
				8CC7F6782890DD72008047A6 /* Main.storyboard */,
				8C8D0C9028923ACB00A315DC /* WebViewController.swift */,
				8C8D0C8E2892305200A315DC /* TranslateViewController.swift */,
				8C8D0C8B2892236C00A315DC /* LottoViewController.swift */,
				8CC7F68A2890E4CE008047A6 /* ListTableViewCell.swift */,
				8CC7F68B2890E4CE008047A6 /* ListTableViewCell.xib */,
				8CC7F6862890E1F7008047A6 /* SearchViewController.swift */,
				8CC7F67B2890DD74008047A6 /* Assets.xcassets */,
				8CC7F67D2890DD74008047A6 /* LaunchScreen.storyboard */,
				8CC7F6802890DD74008047A6 /* Info.plist */,
			);
			path = SeSac2LectureNetworkBasic;
			sourceTree = "<group>";
		};
/* End PBXGroup section */

/* Begin PBXNativeTarget section */
		8CC7F66E2890DD72008047A6 /* SeSac2LectureNetworkBasic */ = {
			isa = PBXNativeTarget;
			buildConfigurationList = 8CC7F6832890DD74008047A6 /* Build configuration list for PBXNativeTarget "SeSac2LectureNetworkBasic" */;
			buildPhases = (
				8CC7F66B2890DD72008047A6 /* Sources */,
				8CC7F66C2890DD72008047A6 /* Frameworks */,
				8CC7F66D2890DD72008047A6 /* Resources */,
			);
			buildRules = (
			);
			dependencies = (
			);
			name = SeSac2LectureNetworkBasic;
			productName = SeSac2LectureNetworkBasic;
			productReference = 8CC7F66F2890DD72008047A6 /* SeSac2LectureNetworkBasic.app */;
			productType = "com.apple.product-type.application";
		};
/* End PBXNativeTarget section */

/* Begin PBXProject section */
		8CC7F6672890DD72008047A6 /* Project object */ = {
			isa = PBXProject;
			attributes = {
				BuildIndependentTargetsInParallel = 1;
				LastSwiftUpdateCheck = 1340;
				LastUpgradeCheck = 1340;
				TargetAttributes = {
					8CC7F66E2890DD72008047A6 = {
						CreatedOnToolsVersion = 13.4.1;
					};
				};
			};
			buildConfigurationList = 8CC7F66A2890DD72008047A6 /* Build configuration list for PBXProject "SeSac2LectureNetworkBasic" */;
			compatibilityVersion = "Xcode 13.0";
			developmentRegion = en;
			hasScannedForEncodings = 0;
			knownRegions = (
				en,
				Base,
			);
			mainGroup = 8CC7F6662890DD72008047A6;
			productRefGroup = 8CC7F6702890DD72008047A6 /* Products */;
			projectDirPath = "";
			projectRoot = "";
			targets = (
				8CC7F66E2890DD72008047A6 /* SeSac2LectureNetworkBasic */,
			);
		};
/* End PBXProject section */

/* Begin PBXResourcesBuildPhase section */
		8CC7F66D2890DD72008047A6 /* Resources */ = {
			isa = PBXResourcesBuildPhase;
			buildActionMask = 2147483647;
			files = (
				8C8D0C8728915D8100A315DC /* PracticeTableViewCell.xib in Resources */,
				8CC7F67F2890DD74008047A6 /* LaunchScreen.storyboard in Resources */,
				8CC7F68D2890E4CE008047A6 /* ListTableViewCell.xib in Resources */,
				8CC7F67C2890DD74008047A6 /* Assets.xcassets in Resources */,
				8CC7F67A2890DD72008047A6 /* Main.storyboard in Resources */,
				8C8D0C8128915D3B00A315DC /* Storyboard.storyboard in Resources */,
			);
			runOnlyForDeploymentPostprocessing = 0;
		};
/* End PBXResourcesBuildPhase section */

/* Begin PBXSourcesBuildPhase section */
		8CC7F66B2890DD72008047A6 /* Sources */ = {
			isa = PBXSourcesBuildPhase;
			buildActionMask = 2147483647;
			files = (
				8C8D0C8C2892236C00A315DC /* LottoViewController.swift in Sources */,
				8C8D0C9128923ACB00A315DC /* WebViewController.swift in Sources */,
				8C8D0C8F2892305300A315DC /* TranslateViewController.swift in Sources */,
				8C8D0C8628915D8100A315DC /* PracticeTableViewCell.swift in Sources */,
				8CC7F6772890DD72008047A6 /* ViewController.swift in Sources */,
				8C8D0C8A28920CCD00A315DC /* ViewPresentableProtocol.swift in Sources */,
				8CC7F6732890DD72008047A6 /* AppDelegate.swift in Sources */,
				8CC7F6872890E1F7008047A6 /* SearchViewController.swift in Sources */,
				8C8D0C8328915D5D00A315DC /* PracticeViewController.swift in Sources */,
				8CC7F6752890DD72008047A6 /* SceneDelegate.swift in Sources */,
				8CC7F68C2890E4CE008047A6 /* ListTableViewCell.swift in Sources */,
			);
			runOnlyForDeploymentPostprocessing = 0;
		};
/* End PBXSourcesBuildPhase section */

/* Begin PBXVariantGroup section */
		8CC7F6782890DD72008047A6 /* Main.storyboard */ = {
			isa = PBXVariantGroup;
			children = (
				8CC7F6792890DD72008047A6 /* Base */,
			);
			name = Main.storyboard;
			sourceTree = "<group>";
		};
		8CC7F67D2890DD74008047A6 /* LaunchScreen.storyboard */ = {
			isa = PBXVariantGroup;
			children = (
				8CC7F67E2890DD74008047A6 /* Base */,
			);
			name = LaunchScreen.storyboard;
			sourceTree = "<group>";
		};
/* End PBXVariantGroup section */

/* Begin XCBuildConfiguration section */
		8CC7F6812890DD74008047A6 /* Debug */ = {
			isa = XCBuildConfiguration;
			buildSettings = {
				ALWAYS_SEARCH_USER_PATHS = NO;
				CLANG_ANALYZER_NONNULL = YES;
				CLANG_ANALYZER_NUMBER_OBJECT_CONVERSION = YES_AGGRESSIVE;
				CLANG_CXX_LANGUAGE_STANDARD = "gnu++17";
				CLANG_ENABLE_MODULES = YES;
				CLANG_ENABLE_OBJC_ARC = YES;
				CLANG_ENABLE_OBJC_WEAK = YES;
				CLANG_WARN_BLOCK_CAPTURE_AUTORELEASING = YES;
				CLANG_WARN_BOOL_CONVERSION = YES;
				CLANG_WARN_COMMA = YES;
				CLANG_WARN_CONSTANT_CONVERSION = YES;
				CLANG_WARN_DEPRECATED_OBJC_IMPLEMENTATIONS = YES;
				CLANG_WARN_DIRECT_OBJC_ISA_USAGE = YES_ERROR;
				CLANG_WARN_DOCUMENTATION_COMMENTS = YES;
				CLANG_WARN_EMPTY_BODY = YES;
				CLANG_WARN_ENUM_CONVERSION = YES;
				CLANG_WARN_INFINITE_RECURSION = YES;
				CLANG_WARN_INT_CONVERSION = YES;
				CLANG_WARN_NON_LITERAL_NULL_CONVERSION = YES;
				CLANG_WARN_OBJC_IMPLICIT_RETAIN_SELF = YES;
				CLANG_WARN_OBJC_LITERAL_CONVERSION = YES;
				CLANG_WARN_OBJC_ROOT_CLASS = YES_ERROR;
				CLANG_WARN_QUOTED_INCLUDE_IN_FRAMEWORK_HEADER = YES;
				CLANG_WARN_RANGE_LOOP_ANALYSIS = YES;
				CLANG_WARN_STRICT_PROTOTYPES = YES;
				CLANG_WARN_SUSPICIOUS_MOVE = YES;
				CLANG_WARN_UNGUARDED_AVAILABILITY = YES_AGGRESSIVE;
				CLANG_WARN_UNREACHABLE_CODE = YES;
				CLANG_WARN__DUPLICATE_METHOD_MATCH = YES;
				COPY_PHASE_STRIP = NO;
				DEBUG_INFORMATION_FORMAT = dwarf;
				ENABLE_STRICT_OBJC_MSGSEND = YES;
				ENABLE_TESTABILITY = YES;
				GCC_C_LANGUAGE_STANDARD = gnu11;
				GCC_DYNAMIC_NO_PIC = NO;
				GCC_NO_COMMON_BLOCKS = YES;
				GCC_OPTIMIZATION_LEVEL = 0;
				GCC_PREPROCESSOR_DEFINITIONS = (
					"DEBUG=1",
					"$(inherited)",
				);
				GCC_WARN_64_TO_32_BIT_CONVERSION = YES;
				GCC_WARN_ABOUT_RETURN_TYPE = YES_ERROR;
				GCC_WARN_UNDECLARED_SELECTOR = YES;
				GCC_WARN_UNINITIALIZED_AUTOS = YES_AGGRESSIVE;
				GCC_WARN_UNUSED_FUNCTION = YES;
				GCC_WARN_UNUSED_VARIABLE = YES;
				IPHONEOS_DEPLOYMENT_TARGET = 15.5;
				MTL_ENABLE_DEBUG_INFO = INCLUDE_SOURCE;
				MTL_FAST_MATH = YES;
				ONLY_ACTIVE_ARCH = YES;
				SDKROOT = iphoneos;
				SWIFT_ACTIVE_COMPILATION_CONDITIONS = DEBUG;
				SWIFT_OPTIMIZATION_LEVEL = "-Onone";
			};
			name = Debug;
		};
		8CC7F6822890DD74008047A6 /* Release */ = {
			isa = XCBuildConfiguration;
			buildSettings = {
				ALWAYS_SEARCH_USER_PATHS = NO;
				CLANG_ANALYZER_NONNULL = YES;
				CLANG_ANALYZER_NUMBER_OBJECT_CONVERSION = YES_AGGRESSIVE;
				CLANG_CXX_LANGUAGE_STANDARD = "gnu++17";
				CLANG_ENABLE_MODULES = YES;
				CLANG_ENABLE_OBJC_ARC = YES;
				CLANG_ENABLE_OBJC_WEAK = YES;
				CLANG_WARN_BLOCK_CAPTURE_AUTORELEASING = YES;
				CLANG_WARN_BOOL_CONVERSION = YES;
				CLANG_WARN_COMMA = YES;
				CLANG_WARN_CONSTANT_CONVERSION = YES;
				CLANG_WARN_DEPRECATED_OBJC_IMPLEMENTATIONS = YES;
				CLANG_WARN_DIRECT_OBJC_ISA_USAGE = YES_ERROR;
				CLANG_WARN_DOCUMENTATION_COMMENTS = YES;
				CLANG_WARN_EMPTY_BODY = YES;
				CLANG_WARN_ENUM_CONVERSION = YES;
				CLANG_WARN_INFINITE_RECURSION = YES;
				CLANG_WARN_INT_CONVERSION = YES;
				CLANG_WARN_NON_LITERAL_NULL_CONVERSION = YES;
				CLANG_WARN_OBJC_IMPLICIT_RETAIN_SELF = YES;
				CLANG_WARN_OBJC_LITERAL_CONVERSION = YES;
				CLANG_WARN_OBJC_ROOT_CLASS = YES_ERROR;
				CLANG_WARN_QUOTED_INCLUDE_IN_FRAMEWORK_HEADER = YES;
				CLANG_WARN_RANGE_LOOP_ANALYSIS = YES;
				CLANG_WARN_STRICT_PROTOTYPES = YES;
				CLANG_WARN_SUSPICIOUS_MOVE = YES;
				CLANG_WARN_UNGUARDED_AVAILABILITY = YES_AGGRESSIVE;
				CLANG_WARN_UNREACHABLE_CODE = YES;
				CLANG_WARN__DUPLICATE_METHOD_MATCH = YES;
				COPY_PHASE_STRIP = NO;
				DEBUG_INFORMATION_FORMAT = "dwarf-with-dsym";
				ENABLE_NS_ASSERTIONS = NO;
				ENABLE_STRICT_OBJC_MSGSEND = YES;
				GCC_C_LANGUAGE_STANDARD = gnu11;
				GCC_NO_COMMON_BLOCKS = YES;
				GCC_WARN_64_TO_32_BIT_CONVERSION = YES;
				GCC_WARN_ABOUT_RETURN_TYPE = YES_ERROR;
				GCC_WARN_UNDECLARED_SELECTOR = YES;
				GCC_WARN_UNINITIALIZED_AUTOS = YES_AGGRESSIVE;
				GCC_WARN_UNUSED_FUNCTION = YES;
				GCC_WARN_UNUSED_VARIABLE = YES;
				IPHONEOS_DEPLOYMENT_TARGET = 15.5;
				MTL_ENABLE_DEBUG_INFO = NO;
				MTL_FAST_MATH = YES;
				SDKROOT = iphoneos;
				SWIFT_COMPILATION_MODE = wholemodule;
				SWIFT_OPTIMIZATION_LEVEL = "-O";
				VALIDATE_PRODUCT = YES;
			};
			name = Release;
		};
		8CC7F6842890DD74008047A6 /* Debug */ = {
			isa = XCBuildConfiguration;
			buildSettings = {
				ASSETCATALOG_COMPILER_APPICON_NAME = AppIcon;
				ASSETCATALOG_COMPILER_GLOBAL_ACCENT_COLOR_NAME = AccentColor;
				CODE_SIGN_STYLE = Automatic;
				CURRENT_PROJECT_VERSION = 1;
				DEVELOPMENT_TEAM = 5C6W5SYCQQ;
				GENERATE_INFOPLIST_FILE = YES;
				INFOPLIST_FILE = SeSac2LectureNetworkBasic/Info.plist;
				INFOPLIST_KEY_UIApplicationSupportsIndirectInputEvents = YES;
				INFOPLIST_KEY_UILaunchStoryboardName = LaunchScreen;
				INFOPLIST_KEY_UIMainStoryboardFile = Main;
				INFOPLIST_KEY_UISupportedInterfaceOrientations_iPad = "UIInterfaceOrientationPortrait UIInterfaceOrientationPortraitUpsideDown UIInterfaceOrientationLandscapeLeft UIInterfaceOrientationLandscapeRight";
				INFOPLIST_KEY_UISupportedInterfaceOrientations_iPhone = "UIInterfaceOrientationPortrait UIInterfaceOrientationLandscapeLeft UIInterfaceOrientationLandscapeRight";
				LD_RUNPATH_SEARCH_PATHS = (
					"$(inherited)",
					"@executable_path/Frameworks",
				);
				MARKETING_VERSION = 1.0;
				PRODUCT_BUNDLE_IDENTIFIER = com.kate.SeSac2LectureNetworkBasic;
				PRODUCT_NAME = "$(TARGET_NAME)";
				SWIFT_EMIT_LOC_STRINGS = YES;
				SWIFT_VERSION = 5.0;
				TARGETED_DEVICE_FAMILY = 1;
			};
			name = Debug;
		};
		8CC7F6852890DD74008047A6 /* Release */ = {
			isa = XCBuildConfiguration;
			buildSettings = {
				ASSETCATALOG_COMPILER_APPICON_NAME = AppIcon;
				ASSETCATALOG_COMPILER_GLOBAL_ACCENT_COLOR_NAME = AccentColor;
				CODE_SIGN_STYLE = Automatic;
				CURRENT_PROJECT_VERSION = 1;
				DEVELOPMENT_TEAM = 5C6W5SYCQQ;
				GENERATE_INFOPLIST_FILE = YES;
				INFOPLIST_FILE = SeSac2LectureNetworkBasic/Info.plist;
				INFOPLIST_KEY_UIApplicationSupportsIndirectInputEvents = YES;
				INFOPLIST_KEY_UILaunchStoryboardName = LaunchScreen;
				INFOPLIST_KEY_UIMainStoryboardFile = Main;
				INFOPLIST_KEY_UISupportedInterfaceOrientations_iPad = "UIInterfaceOrientationPortrait UIInterfaceOrientationPortraitUpsideDown UIInterfaceOrientationLandscapeLeft UIInterfaceOrientationLandscapeRight";
				INFOPLIST_KEY_UISupportedInterfaceOrientations_iPhone = "UIInterfaceOrientationPortrait UIInterfaceOrientationLandscapeLeft UIInterfaceOrientationLandscapeRight";
				LD_RUNPATH_SEARCH_PATHS = (
					"$(inherited)",
					"@executable_path/Frameworks",
				);
				MARKETING_VERSION = 1.0;
				PRODUCT_BUNDLE_IDENTIFIER = com.kate.SeSac2LectureNetworkBasic;
				PRODUCT_NAME = "$(TARGET_NAME)";
				SWIFT_EMIT_LOC_STRINGS = YES;
				SWIFT_VERSION = 5.0;
				TARGETED_DEVICE_FAMILY = 1;
			};
			name = Release;
		};
/* End XCBuildConfiguration section */

/* Begin XCConfigurationList section */
		8CC7F66A2890DD72008047A6 /* Build configuration list for PBXProject "SeSac2LectureNetworkBasic" */ = {
			isa = XCConfigurationList;
			buildConfigurations = (
				8CC7F6812890DD74008047A6 /* Debug */,
				8CC7F6822890DD74008047A6 /* Release */,
			);
			defaultConfigurationIsVisible = 0;
			defaultConfigurationName = Release;
		};
		8CC7F6832890DD74008047A6 /* Build configuration list for PBXNativeTarget "SeSac2LectureNetworkBasic" */ = {
			isa = XCConfigurationList;
			buildConfigurations = (
				8CC7F6842890DD74008047A6 /* Debug */,
				8CC7F6852890DD74008047A6 /* Release */,
			);
			defaultConfigurationIsVisible = 0;
			defaultConfigurationName = Release;
		};
/* End XCConfigurationList section */
	};
	rootObject = 8CC7F6672890DD72008047A6 /* Project object */;
}
